
Microsoft Visual Studio Solution File, Format Version 12.00
# Visual Studio Version 17
VisualStudioVersion = 17.3.32901.215
MinimumVisualStudioVersion = 10.0.40219.1
Project("{FAE04EC0-301F-11D3-BF4B-00C04F79EFBC}") = "game-center-api", "game-center-api.csproj", "{8ECFC28B-6DB0-4FAD-863D-A52EF2C52E76}"
EndProject
Global
	GlobalSection(SolutionConfigurationPlatforms) = preSolution
		Debug|Any CPU = Debug|Any CPU
		Release|Any CPU = Release|Any CPU
	EndGlobalSection
	GlobalSection(ProjectConfigurationPlatforms) = postSolution
		{8ECFC28B-6DB0-4FAD-863D-A52EF2C52E76}.Debug|Any CPU.ActiveCfg = Debug|Any CPU
		{8ECFC28B-6DB0-4FAD-863D-A52EF2C52E76}.Debug|Any CPU.Build.0 = Debug|Any CPU
		{8ECFC28B-6DB0-4FAD-863D-A52EF2C52E76}.Release|Any CPU.ActiveCfg = Release|Any CPU
		{8ECFC28B-6DB0-4FAD-863D-A52EF2C52E76}.Release|Any CPU.Build.0 = Release|Any CPU
	EndGlobalSection
	GlobalSection(SolutionProperties) = preSolution
		HideSolutionNode = FALSE
	EndGlobalSection
	GlobalSection(ExtensibilityGlobals) = postSolution
		SolutionGuid = {3092B46A-84C7-49A1-8DF5-A750A764D613}
	EndGlobalSection
EndGlobal
